// !$*UTF8*$!
{
	archiveVersion = 1;
	classes = {
	};
	objectVersion = 46;
	objects = {

/* Begin PBXBuildFile section */
		C0CCFF971E11DD71001B75C4 /* AppDelegate.swift in Sources */ = {isa = PBXBuildFile; fileRef = C0CCFF961E11DD71001B75C4 /* AppDelegate.swift */; };
		C0CCFF991E11DD71001B75C4 /* ViewController.swift in Sources */ = {isa = PBXBuildFile; fileRef = C0CCFF981E11DD71001B75C4 /* ViewController.swift */; };
		C0CCFF9C1E11DD71001B75C4 /* Main.storyboard in Resources */ = {isa = PBXBuildFile; fileRef = C0CCFF9A1E11DD71001B75C4 /* Main.storyboard */; };
		C0CCFF9E1E11DD71001B75C4 /* Assets.xcassets in Resources */ = {isa = PBXBuildFile; fileRef = C0CCFF9D1E11DD71001B75C4 /* Assets.xcassets */; };
		C0CCFFA11E11DD71001B75C4 /* LaunchScreen.storyboard in Resources */ = {isa = PBXBuildFile; fileRef = C0CCFF9F1E11DD71001B75C4 /* LaunchScreen.storyboard */; };
		C0CCFFAA1E11DE30001B75C4 /* VTModel.xcdatamodeld in Sources */ = {isa = PBXBuildFile; fileRef = C0CCFFA81E11DE30001B75C4 /* VTModel.xcdatamodeld */; };
/* End PBXBuildFile section */

/* Begin PBXFileReference section */
		C0CCFF931E11DD71001B75C4 /* VirtualTourist.app */ = {isa = PBXFileReference; explicitFileType = wrapper.application; includeInIndex = 0; path = VirtualTourist.app; sourceTree = BUILT_PRODUCTS_DIR; };
		C0CCFF961E11DD71001B75C4 /* AppDelegate.swift */ = {isa = PBXFileReference; lastKnownFileType = sourcecode.swift; path = AppDelegate.swift; sourceTree = "<group>"; };
		C0CCFF981E11DD71001B75C4 /* ViewController.swift */ = {isa = PBXFileReference; lastKnownFileType = sourcecode.swift; path = ViewController.swift; sourceTree = "<group>"; };
		C0CCFF9B1E11DD71001B75C4 /* Base */ = {isa = PBXFileReference; lastKnownFileType = file.storyboard; name = Base; path = Base.lproj/Main.storyboard; sourceTree = "<group>"; };
		C0CCFF9D1E11DD71001B75C4 /* Assets.xcassets */ = {isa = PBXFileReference; lastKnownFileType = folder.assetcatalog; path = Assets.xcassets; sourceTree = "<group>"; };
		C0CCFFA01E11DD71001B75C4 /* Base */ = {isa = PBXFileReference; lastKnownFileType = file.storyboard; name = Base; path = Base.lproj/LaunchScreen.storyboard; sourceTree = "<group>"; };
		C0CCFFA21E11DD71001B75C4 /* Info.plist */ = {isa = PBXFileReference; lastKnownFileType = text.plist.xml; path = Info.plist; sourceTree = "<group>"; };
		C0CCFFA91E11DE30001B75C4 /* VTModel.xcdatamodel */ = {isa = PBXFileReference; lastKnownFileType = wrapper.xcdatamodel; path = VTModel.xcdatamodel; sourceTree = "<group>"; };
/* End PBXFileReference section */

/* Begin PBXFrameworksBuildPhase section */
		C0CCFF901E11DD71001B75C4 /* Frameworks */ = {
			isa = PBXFrameworksBuildPhase;
			buildActionMask = 2147483647;
			files = (
			);
			runOnlyForDeploymentPostprocessing = 0;
		};
/* End PBXFrameworksBuildPhase section */

/* Begin PBXGroup section */
		C0CCFF8A1E11DD71001B75C4 = {
			isa = PBXGroup;
			children = (
				C0CCFFA81E11DE30001B75C4 /* VTModel.xcdatamodeld */,
				C0CCFF951E11DD71001B75C4 /* VirtualTourist */,
				C0CCFF941E11DD71001B75C4 /* Products */,
			);
			sourceTree = "<group>";
		};
		C0CCFF941E11DD71001B75C4 /* Products */ = {
			isa = PBXGroup;
			children = (
				C0CCFF931E11DD71001B75C4 /* VirtualTourist.app */,
			);
			name = Products;
			sourceTree = "<group>";
		};
		C0CCFF951E11DD71001B75C4 /* VirtualTourist */ = {
			isa = PBXGroup;
			children = (
				C0CCFF961E11DD71001B75C4 /* AppDelegate.swift */,
				C0CCFF981E11DD71001B75C4 /* ViewController.swift */,
				C0CCFF9A1E11DD71001B75C4 /* Main.storyboard */,
				C0CCFF9D1E11DD71001B75C4 /* Assets.xcassets */,
				C0CCFF9F1E11DD71001B75C4 /* LaunchScreen.storyboard */,
				C0CCFFA21E11DD71001B75C4 /* Info.plist */,
			);
			path = VirtualTourist;
			sourceTree = "<group>";
		};
/* End PBXGroup section */

/* Begin PBXNativeTarget section */
		C0CCFF921E11DD71001B75C4 /* VirtualTourist */ = {
			isa = PBXNativeTarget;
			buildConfigurationList = C0CCFFA51E11DD71001B75C4 /* Build configuration list for PBXNativeTarget "VirtualTourist" */;
			buildPhases = (
				C0CCFF8F1E11DD71001B75C4 /* Sources */,
				C0CCFF901E11DD71001B75C4 /* Frameworks */,
				C0CCFF911E11DD71001B75C4 /* Resources */,
			);
			buildRules = (
			);
			dependencies = (
			);
			name = VirtualTourist;
			productName = VirtualTourist;
			productReference = C0CCFF931E11DD71001B75C4 /* VirtualTourist.app */;
			productType = "com.apple.product-type.application";
		};
/* End PBXNativeTarget section */

/* Begin PBXProject section */
		C0CCFF8B1E11DD71001B75C4 /* Project object */ = {
			isa = PBXProject;
			attributes = {
				LastSwiftUpdateCheck = 0810;
				LastUpgradeCheck = 0810;
				ORGANIZATIONNAME = Agrawal;
				TargetAttributes = {
					C0CCFF921E11DD71001B75C4 = {
						CreatedOnToolsVersion = 8.1;
						ProvisioningStyle = Automatic;
					};
				};
			};
			buildConfigurationList = C0CCFF8E1E11DD71001B75C4 /* Build configuration list for PBXProject "VirtualTourist" */;
			compatibilityVersion = "Xcode 3.2";
			developmentRegion = English;
			hasScannedForEncodings = 0;
			knownRegions = (
				en,
				Base,
			);
			mainGroup = C0CCFF8A1E11DD71001B75C4;
			productRefGroup = C0CCFF941E11DD71001B75C4 /* Products */;
			projectDirPath = "";
			projectRoot = "";
			targets = (
				C0CCFF921E11DD71001B75C4 /* VirtualTourist */,
			);
		};
/* End PBXProject section */

/* Begin PBXResourcesBuildPhase section */
		C0CCFF911E11DD71001B75C4 /* Resources */ = {
			isa = PBXResourcesBuildPhase;
			buildActionMask = 2147483647;
			files = (
				C0CCFFA11E11DD71001B75C4 /* LaunchScreen.storyboard in Resources */,
				C0CCFF9E1E11DD71001B75C4 /* Assets.xcassets in Resources */,
				C0CCFF9C1E11DD71001B75C4 /* Main.storyboard in Resources */,
			);
			runOnlyForDeploymentPostprocessing = 0;
		};
/* End PBXResourcesBuildPhase section */

/* Begin PBXSourcesBuildPhase section */
		C0CCFF8F1E11DD71001B75C4 /* Sources */ = {
			isa = PBXSourcesBuildPhase;
			buildActionMask = 2147483647;
			files = (
				C0CCFF991E11DD71001B75C4 /* ViewController.swift in Sources */,
				C0CCFF971E11DD71001B75C4 /* AppDelegate.swift in Sources */,
				C0CCFFAA1E11DE30001B75C4 /* VTModel.xcdatamodeld in Sources */,
			);
			runOnlyForDeploymentPostprocessing = 0;
		};
/* End PBXSourcesBuildPhase section */

/* Begin PBXVariantGroup section */
		C0CCFF9A1E11DD71001B75C4 /* Main.storyboard */ = {
			isa = PBXVariantGroup;
			children = (
				C0CCFF9B1E11DD71001B75C4 /* Base */,
			);
			name = Main.storyboard;
			sourceTree = "<group>";
		};
		C0CCFF9F1E11DD71001B75C4 /* LaunchScreen.storyboard */ = {
			isa = PBXVariantGroup;
			children = (
				C0CCFFA01E11DD71001B75C4 /* Base */,
			);
			name = LaunchScreen.storyboard;
			sourceTree = "<group>";
		};
/* End PBXVariantGroup section */

/* Begin XCBuildConfiguration section */
		C0CCFFA31E11DD71001B75C4 /* Debug */ = {
			isa = XCBuildConfiguration;
			buildSettings = {
				ALWAYS_SEARCH_USER_PATHS = NO;
				CLANG_ANALYZER_NONNULL = YES;
				CLANG_CXX_LANGUAGE_STANDARD = "gnu++0x";
				CLANG_CXX_LIBRARY = "libc++";
				CLANG_ENABLE_MODULES = YES;
				CLANG_ENABLE_OBJC_ARC = YES;
				CLANG_WARN_BOOL_CONVERSION = YES;
				CLANG_WARN_CONSTANT_CONVERSION = YES;
				CLANG_WARN_DIRECT_OBJC_ISA_USAGE = YES_ERROR;
				CLANG_WARN_DOCUMENTATION_COMMENTS = YES;
				CLANG_WARN_EMPTY_BODY = YES;
				CLANG_WARN_ENUM_CONVERSION = YES;
				CLANG_WARN_INFINITE_RECURSION = YES;
				CLANG_WARN_INT_CONVERSION = YES;
				CLANG_WARN_OBJC_ROOT_CLASS = YES_ERROR;
				CLANG_WARN_SUSPICIOUS_MOVES = YES;
				CLANG_WARN_UNREACHABLE_CODE = YES;
				CLANG_WARN__DUPLICATE_METHOD_MATCH = YES;
				"CODE_SIGN_IDENTITY[sdk=iphoneos*]" = "iPhone Developer";
				COPY_PHASE_STRIP = NO;
				DEBUG_INFORMATION_FORMAT = dwarf;
				ENABLE_STRICT_OBJC_MSGSEND = YES;
				ENABLE_TESTABILITY = YES;
				GCC_C_LANGUAGE_STANDARD = gnu99;
				GCC_DYNAMIC_NO_PIC = NO;
				GCC_NO_COMMON_BLOCKS = YES;
				GCC_OPTIMIZATION_LEVEL = 0;
				GCC_PREPROCESSOR_DEFINITIONS = (
					"DEBUG=1",
					"$(inherited)",
				);
				GCC_WARN_64_TO_32_BIT_CONVERSION = YES;
				GCC_WARN_ABOUT_RETURN_TYPE = YES_ERROR;
				GCC_WARN_UNDECLARED_SELECTOR = YES;
				GCC_WARN_UNINITIALIZED_AUTOS = YES_AGGRESSIVE;
				GCC_WARN_UNUSED_FUNCTION = YES;
				GCC_WARN_UNUSED_VARIABLE = YES;
				IPHONEOS_DEPLOYMENT_TARGET = 10.1;
				MTL_ENABLE_DEBUG_INFO = YES;
				ONLY_ACTIVE_ARCH = YES;
				SDKROOT = iphoneos;
				SWIFT_ACTIVE_COMPILATION_CONDITIONS = DEBUG;
				SWIFT_OPTIMIZATION_LEVEL = "-Onone";
				TARGETED_DEVICE_FAMILY = "1,2";
			};
			name = Debug;
		};
		C0CCFFA41E11DD71001B75C4 /* Release */ = {
			isa = XCBuildConfiguration;
			buildSettings = {
				ALWAYS_SEARCH_USER_PATHS = NO;
				CLANG_ANALYZER_NONNULL = YES;
				CLANG_CXX_LANGUAGE_STANDARD = "gnu++0x";
				CLANG_CXX_LIBRARY = "libc++";
				CLANG_ENABLE_MODULES = YES;
				CLANG_ENABLE_OBJC_ARC = YES;
				CLANG_WARN_BOOL_CONVERSION = YES;
				CLANG_WARN_CONSTANT_CONVERSION = YES;
				CLANG_WARN_DIRECT_OBJC_ISA_USAGE = YES_ERROR;
				CLANG_WARN_DOCUMENTATION_COMMENTS = YES;
				CLANG_WARN_EMPTY_BODY = YES;
				CLANG_WARN_ENUM_CONVERSION = YES;
				CLANG_WARN_INFINITE_RECURSION = YES;
				CLANG_WARN_INT_CONVERSION = YES;
				CLANG_WARN_OBJC_ROOT_CLASS = YES_ERROR;
				CLANG_WARN_SUSPICIOUS_MOVES = YES;
				CLANG_WARN_UNREACHABLE_CODE = YES;
				CLANG_WARN__DUPLICATE_METHOD_MATCH = YES;
				"CODE_SIGN_IDENTITY[sdk=iphoneos*]" = "iPhone Developer";
				COPY_PHASE_STRIP = NO;
				DEBUG_INFORMATION_FORMAT = "dwarf-with-dsym";
				ENABLE_NS_ASSERTIONS = NO;
				ENABLE_STRICT_OBJC_MSGSEND = YES;
				GCC_C_LANGUAGE_STANDARD = gnu99;
				GCC_NO_COMMON_BLOCKS = YES;
				GCC_WARN_64_TO_32_BIT_CONVERSION = YES;
				GCC_WARN_ABOUT_RETURN_TYPE = YES_ERROR;
				GCC_WARN_UNDECLARED_SELECTOR = YES;
				GCC_WARN_UNINITIALIZED_AUTOS = YES_AGGRESSIVE;
				GCC_WARN_UNUSED_FUNCTION = YES;
				GCC_WARN_UNUSED_VARIABLE = YES;
				IPHONEOS_DEPLOYMENT_TARGET = 10.1;
				MTL_ENABLE_DEBUG_INFO = NO;
				SDKROOT = iphoneos;
				SWIFT_OPTIMIZATION_LEVEL = "-Owholemodule";
				TARGETED_DEVICE_FAMILY = "1,2";
				VALIDATE_PRODUCT = YES;
			};
			name = Release;
		};
		C0CCFFA61E11DD71001B75C4 /* Debug */ = {
			isa = XCBuildConfiguration;
			buildSettings = {
				ASSETCATALOG_COMPILER_APPICON_NAME = AppIcon;
				INFOPLIST_FILE = VirtualTourist/Info.plist;
				LD_RUNPATH_SEARCH_PATHS = "$(inherited) @executable_path/Frameworks";
				PRODUCT_BUNDLE_IDENTIFIER = com.agrawal.VirtualTourist;
				PRODUCT_NAME = "$(TARGET_NAME)";
				SWIFT_VERSION = 3.0;
			};
			name = Debug;
		};
		C0CCFFA71E11DD71001B75C4 /* Release */ = {
			isa = XCBuildConfiguration;
			buildSettings = {
				ASSETCATALOG_COMPILER_APPICON_NAME = AppIcon;
				INFOPLIST_FILE = VirtualTourist/Info.plist;
				LD_RUNPATH_SEARCH_PATHS = "$(inherited) @executable_path/Frameworks";
				PRODUCT_BUNDLE_IDENTIFIER = com.agrawal.VirtualTourist;
				PRODUCT_NAME = "$(TARGET_NAME)";
				SWIFT_VERSION = 3.0;
			};
			name = Release;
		};
/* End XCBuildConfiguration section */

/* Begin XCConfigurationList section */
		C0CCFF8E1E11DD71001B75C4 /* Build configuration list for PBXProject "VirtualTourist" */ = {
			isa = XCConfigurationList;
			buildConfigurations = (
				C0CCFFA31E11DD71001B75C4 /* Debug */,
				C0CCFFA41E11DD71001B75C4 /* Release */,
			);
			defaultConfigurationIsVisible = 0;
			defaultConfigurationName = Release;
		};
		C0CCFFA51E11DD71001B75C4 /* Build configuration list for PBXNativeTarget "VirtualTourist" */ = {
			isa = XCConfigurationList;
			buildConfigurations = (
				C0CCFFA61E11DD71001B75C4 /* Debug */,
				C0CCFFA71E11DD71001B75C4 /* Release */,
			);
			defaultConfigurationIsVisible = 0;
		};
/* End XCConfigurationList section */

/* Begin XCVersionGroup section */
		C0CCFFA81E11DE30001B75C4 /* VTModel.xcdatamodeld */ = {
			isa = XCVersionGroup;
			children = (
				C0CCFFA91E11DE30001B75C4 /* VTModel.xcdatamodel */,
			);
			currentVersion = C0CCFFA91E11DE30001B75C4 /* VTModel.xcdatamodel */;
			path = VTModel.xcdatamodeld;
			sourceTree = "<group>";
			versionGroupType = wrapper.xcdatamodel;
		};
/* End XCVersionGroup section */
	};
	rootObject = C0CCFF8B1E11DD71001B75C4 /* Project object */;
}
