// !$*UTF8*$!
{
	archiveVersion = 1;
	classes = {
	};
	objectVersion = 46;
	objects = {

/* Begin PBXBuildFile section */
		C020C8C41E117DE00016F922 /* AppDelegate.swift in Sources */ = {isa = PBXBuildFile; fileRef = C020C8C31E117DE00016F922 /* AppDelegate.swift */; };
		C020C8C61E117DE00016F922 /* ViewController.swift in Sources */ = {isa = PBXBuildFile; fileRef = C020C8C51E117DE00016F922 /* ViewController.swift */; };
		C020C8C91E117DE00016F922 /* Main.storyboard in Resources */ = {isa = PBXBuildFile; fileRef = C020C8C71E117DE00016F922 /* Main.storyboard */; };
		C020C8CB1E117DE00016F922 /* Assets.xcassets in Resources */ = {isa = PBXBuildFile; fileRef = C020C8CA1E117DE00016F922 /* Assets.xcassets */; };
		C020C8CE1E117DE00016F922 /* LaunchScreen.storyboard in Resources */ = {isa = PBXBuildFile; fileRef = C020C8CC1E117DE00016F922 /* LaunchScreen.storyboard */; };
		C020C8D91E117DE00016F922 /* VirtualTouristTests.swift in Sources */ = {isa = PBXBuildFile; fileRef = C020C8D81E117DE00016F922 /* VirtualTouristTests.swift */; };
		C020C8E41E117DE00016F922 /* VirtualTouristUITests.swift in Sources */ = {isa = PBXBuildFile; fileRef = C020C8E31E117DE00016F922 /* VirtualTouristUITests.swift */; };
		C020C8F31E11BC990016F922 /* VTModel.xcdatamodeld in Sources */ = {isa = PBXBuildFile; fileRef = C020C8F11E11BC990016F922 /* VTModel.xcdatamodeld */; };
		C020C90F1E11BEED0016F922 /* Photo+CoreDataClass.swift in Sources */ = {isa = PBXBuildFile; fileRef = C020C90B1E11BEED0016F922 /* Photo+CoreDataClass.swift */; };
		C020C9101E11BEED0016F922 /* Photo+CoreDataProperties.swift in Sources */ = {isa = PBXBuildFile; fileRef = C020C90C1E11BEED0016F922 /* Photo+CoreDataProperties.swift */; };
		C020C9111E11BEED0016F922 /* Pin+CoreDataClass.swift in Sources */ = {isa = PBXBuildFile; fileRef = C020C90D1E11BEED0016F922 /* Pin+CoreDataClass.swift */; };
		C020C9121E11BEED0016F922 /* Pin+CoreDataProperties.swift in Sources */ = {isa = PBXBuildFile; fileRef = C020C90E1E11BEED0016F922 /* Pin+CoreDataProperties.swift */; };
/* End PBXBuildFile section */

/* Begin PBXContainerItemProxy section */
		C020C8D51E117DE00016F922 /* PBXContainerItemProxy */ = {
			isa = PBXContainerItemProxy;
			containerPortal = C020C8B81E117DDF0016F922 /* Project object */;
			proxyType = 1;
			remoteGlobalIDString = C020C8BF1E117DDF0016F922;
			remoteInfo = VirtualTourist;
		};
		C020C8E01E117DE00016F922 /* PBXContainerItemProxy */ = {
			isa = PBXContainerItemProxy;
			containerPortal = C020C8B81E117DDF0016F922 /* Project object */;
			proxyType = 1;
			remoteGlobalIDString = C020C8BF1E117DDF0016F922;
			remoteInfo = VirtualTourist;
		};
/* End PBXContainerItemProxy section */

/* Begin PBXFileReference section */
		C020C8C01E117DE00016F922 /* VirtualTourist.app */ = {isa = PBXFileReference; explicitFileType = wrapper.application; includeInIndex = 0; path = VirtualTourist.app; sourceTree = BUILT_PRODUCTS_DIR; };
		C020C8C31E117DE00016F922 /* AppDelegate.swift */ = {isa = PBXFileReference; lastKnownFileType = sourcecode.swift; path = AppDelegate.swift; sourceTree = "<group>"; };
		C020C8C51E117DE00016F922 /* ViewController.swift */ = {isa = PBXFileReference; lastKnownFileType = sourcecode.swift; path = ViewController.swift; sourceTree = "<group>"; };
		C020C8C81E117DE00016F922 /* Base */ = {isa = PBXFileReference; lastKnownFileType = file.storyboard; name = Base; path = Base.lproj/Main.storyboard; sourceTree = "<group>"; };
		C020C8CA1E117DE00016F922 /* Assets.xcassets */ = {isa = PBXFileReference; lastKnownFileType = folder.assetcatalog; path = Assets.xcassets; sourceTree = "<group>"; };
		C020C8CD1E117DE00016F922 /* Base */ = {isa = PBXFileReference; lastKnownFileType = file.storyboard; name = Base; path = Base.lproj/LaunchScreen.storyboard; sourceTree = "<group>"; };
		C020C8CF1E117DE00016F922 /* Info.plist */ = {isa = PBXFileReference; lastKnownFileType = text.plist.xml; path = Info.plist; sourceTree = "<group>"; };
		C020C8D41E117DE00016F922 /* VirtualTouristTests.xctest */ = {isa = PBXFileReference; explicitFileType = wrapper.cfbundle; includeInIndex = 0; path = VirtualTouristTests.xctest; sourceTree = BUILT_PRODUCTS_DIR; };
		C020C8D81E117DE00016F922 /* VirtualTouristTests.swift */ = {isa = PBXFileReference; lastKnownFileType = sourcecode.swift; path = VirtualTouristTests.swift; sourceTree = "<group>"; };
		C020C8DA1E117DE00016F922 /* Info.plist */ = {isa = PBXFileReference; lastKnownFileType = text.plist.xml; path = Info.plist; sourceTree = "<group>"; };
		C020C8DF1E117DE00016F922 /* VirtualTouristUITests.xctest */ = {isa = PBXFileReference; explicitFileType = wrapper.cfbundle; includeInIndex = 0; path = VirtualTouristUITests.xctest; sourceTree = BUILT_PRODUCTS_DIR; };
		C020C8E31E117DE00016F922 /* VirtualTouristUITests.swift */ = {isa = PBXFileReference; lastKnownFileType = sourcecode.swift; path = VirtualTouristUITests.swift; sourceTree = "<group>"; };
		C020C8E51E117DE00016F922 /* Info.plist */ = {isa = PBXFileReference; lastKnownFileType = text.plist.xml; path = Info.plist; sourceTree = "<group>"; };
		C020C8F21E11BC990016F922 /* VTModel.xcdatamodel */ = {isa = PBXFileReference; lastKnownFileType = wrapper.xcdatamodel; path = VTModel.xcdatamodel; sourceTree = "<group>"; };
		C020C90B1E11BEED0016F922 /* Photo+CoreDataClass.swift */ = {isa = PBXFileReference; fileEncoding = 4; lastKnownFileType = sourcecode.swift; path = "Photo+CoreDataClass.swift"; sourceTree = "<group>"; };
		C020C90C1E11BEED0016F922 /* Photo+CoreDataProperties.swift */ = {isa = PBXFileReference; fileEncoding = 4; lastKnownFileType = sourcecode.swift; path = "Photo+CoreDataProperties.swift"; sourceTree = "<group>"; };
		C020C90D1E11BEED0016F922 /* Pin+CoreDataClass.swift */ = {isa = PBXFileReference; fileEncoding = 4; lastKnownFileType = sourcecode.swift; path = "Pin+CoreDataClass.swift"; sourceTree = "<group>"; };
		C020C90E1E11BEED0016F922 /* Pin+CoreDataProperties.swift */ = {isa = PBXFileReference; fileEncoding = 4; lastKnownFileType = sourcecode.swift; path = "Pin+CoreDataProperties.swift"; sourceTree = "<group>"; };
/* End PBXFileReference section */

/* Begin PBXFrameworksBuildPhase section */
		C020C8BD1E117DDF0016F922 /* Frameworks */ = {
			isa = PBXFrameworksBuildPhase;
			buildActionMask = 2147483647;
			files = (
			);
			runOnlyForDeploymentPostprocessing = 0;
		};
		C020C8D11E117DE00016F922 /* Frameworks */ = {
			isa = PBXFrameworksBuildPhase;
			buildActionMask = 2147483647;
			files = (
			);
			runOnlyForDeploymentPostprocessing = 0;
		};
		C020C8DC1E117DE00016F922 /* Frameworks */ = {
			isa = PBXFrameworksBuildPhase;
			buildActionMask = 2147483647;
			files = (
			);
			runOnlyForDeploymentPostprocessing = 0;
		};
/* End PBXFrameworksBuildPhase section */

/* Begin PBXGroup section */
		C020C8B71E117DDF0016F922 = {
			isa = PBXGroup;
			children = (
				C020C8FD1E11BE780016F922 /* Controller */,
				C020C8FC1E11BE710016F922 /* Model */,
				C020C8C21E117DE00016F922 /* VirtualTourist */,
				C020C8D71E117DE00016F922 /* VirtualTouristTests */,
				C020C8E21E117DE00016F922 /* VirtualTouristUITests */,
				C020C8C11E117DE00016F922 /* Products */,
			);
			sourceTree = "<group>";
		};
		C020C8C11E117DE00016F922 /* Products */ = {
			isa = PBXGroup;
			children = (
				C020C8C01E117DE00016F922 /* VirtualTourist.app */,
				C020C8D41E117DE00016F922 /* VirtualTouristTests.xctest */,
				C020C8DF1E117DE00016F922 /* VirtualTouristUITests.xctest */,
			);
			name = Products;
			sourceTree = "<group>";
		};
		C020C8C21E117DE00016F922 /* VirtualTourist */ = {
			isa = PBXGroup;
			children = (
				C020C8C31E117DE00016F922 /* AppDelegate.swift */,
				C020C8C51E117DE00016F922 /* ViewController.swift */,
				C020C8C71E117DE00016F922 /* Main.storyboard */,
				C020C8CA1E117DE00016F922 /* Assets.xcassets */,
				C020C8CC1E117DE00016F922 /* LaunchScreen.storyboard */,
				C020C8CF1E117DE00016F922 /* Info.plist */,
			);
			path = VirtualTourist;
			sourceTree = "<group>";
		};
		C020C8D71E117DE00016F922 /* VirtualTouristTests */ = {
			isa = PBXGroup;
			children = (
				C020C8D81E117DE00016F922 /* VirtualTouristTests.swift */,
				C020C8DA1E117DE00016F922 /* Info.plist */,
			);
			path = VirtualTouristTests;
			sourceTree = "<group>";
		};
		C020C8E21E117DE00016F922 /* VirtualTouristUITests */ = {
			isa = PBXGroup;
			children = (
				C020C8E31E117DE00016F922 /* VirtualTouristUITests.swift */,
				C020C8E51E117DE00016F922 /* Info.plist */,
			);
			path = VirtualTouristUITests;
			sourceTree = "<group>";
		};
		C020C8FC1E11BE710016F922 /* Model */ = {
			isa = PBXGroup;
			children = (
				C020C90B1E11BEED0016F922 /* Photo+CoreDataClass.swift */,
				C020C90C1E11BEED0016F922 /* Photo+CoreDataProperties.swift */,
				C020C90D1E11BEED0016F922 /* Pin+CoreDataClass.swift */,
				C020C90E1E11BEED0016F922 /* Pin+CoreDataProperties.swift */,
				C020C8F11E11BC990016F922 /* VTModel.xcdatamodeld */,
			);
			name = Model;
			sourceTree = "<group>";
		};
		C020C8FD1E11BE780016F922 /* Controller */ = {
			isa = PBXGroup;
			children = (
			);
			name = Controller;
			sourceTree = "<group>";
		};
/* End PBXGroup section */

/* Begin PBXNativeTarget section */
		C020C8BF1E117DDF0016F922 /* VirtualTourist */ = {
			isa = PBXNativeTarget;
			buildConfigurationList = C020C8E81E117DE00016F922 /* Build configuration list for PBXNativeTarget "VirtualTourist" */;
			buildPhases = (
				C020C8BC1E117DDF0016F922 /* Sources */,
				C020C8BD1E117DDF0016F922 /* Frameworks */,
				C020C8BE1E117DDF0016F922 /* Resources */,
			);
			buildRules = (
			);
			dependencies = (
			);
			name = VirtualTourist;
			productName = VirtualTourist;
			productReference = C020C8C01E117DE00016F922 /* VirtualTourist.app */;
			productType = "com.apple.product-type.application";
		};
		C020C8D31E117DE00016F922 /* VirtualTouristTests */ = {
			isa = PBXNativeTarget;
			buildConfigurationList = C020C8EB1E117DE00016F922 /* Build configuration list for PBXNativeTarget "VirtualTouristTests" */;
			buildPhases = (
				C020C8D01E117DE00016F922 /* Sources */,
				C020C8D11E117DE00016F922 /* Frameworks */,
				C020C8D21E117DE00016F922 /* Resources */,
			);
			buildRules = (
			);
			dependencies = (
				C020C8D61E117DE00016F922 /* PBXTargetDependency */,
			);
			name = VirtualTouristTests;
			productName = VirtualTouristTests;
			productReference = C020C8D41E117DE00016F922 /* VirtualTouristTests.xctest */;
			productType = "com.apple.product-type.bundle.unit-test";
		};
		C020C8DE1E117DE00016F922 /* VirtualTouristUITests */ = {
			isa = PBXNativeTarget;
			buildConfigurationList = C020C8EE1E117DE00016F922 /* Build configuration list for PBXNativeTarget "VirtualTouristUITests" */;
			buildPhases = (
				C020C8DB1E117DE00016F922 /* Sources */,
				C020C8DC1E117DE00016F922 /* Frameworks */,
				C020C8DD1E117DE00016F922 /* Resources */,
			);
			buildRules = (
			);
			dependencies = (
				C020C8E11E117DE00016F922 /* PBXTargetDependency */,
			);
			name = VirtualTouristUITests;
			productName = VirtualTouristUITests;
			productReference = C020C8DF1E117DE00016F922 /* VirtualTouristUITests.xctest */;
			productType = "com.apple.product-type.bundle.ui-testing";
		};
/* End PBXNativeTarget section */

/* Begin PBXProject section */
		C020C8B81E117DDF0016F922 /* Project object */ = {
			isa = PBXProject;
			attributes = {
				LastSwiftUpdateCheck = 0810;
				LastUpgradeCheck = 0810;
				ORGANIZATIONNAME = Agrawal;
				TargetAttributes = {
					C020C8BF1E117DDF0016F922 = {
						CreatedOnToolsVersion = 8.1;
						LastSwiftMigration = 0810;
						ProvisioningStyle = Automatic;
					};
					C020C8D31E117DE00016F922 = {
						CreatedOnToolsVersion = 8.1;
						ProvisioningStyle = Automatic;
						TestTargetID = C020C8BF1E117DDF0016F922;
					};
					C020C8DE1E117DE00016F922 = {
						CreatedOnToolsVersion = 8.1;
						ProvisioningStyle = Automatic;
						TestTargetID = C020C8BF1E117DDF0016F922;
					};
				};
			};
			buildConfigurationList = C020C8BB1E117DDF0016F922 /* Build configuration list for PBXProject "VirtualTourist" */;
			compatibilityVersion = "Xcode 3.2";
			developmentRegion = English;
			hasScannedForEncodings = 0;
			knownRegions = (
				en,
				Base,
			);
			mainGroup = C020C8B71E117DDF0016F922;
			productRefGroup = C020C8C11E117DE00016F922 /* Products */;
			projectDirPath = "";
			projectRoot = "";
			targets = (
				C020C8BF1E117DDF0016F922 /* VirtualTourist */,
				C020C8D31E117DE00016F922 /* VirtualTouristTests */,
				C020C8DE1E117DE00016F922 /* VirtualTouristUITests */,
			);
		};
/* End PBXProject section */

/* Begin PBXResourcesBuildPhase section */
		C020C8BE1E117DDF0016F922 /* Resources */ = {
			isa = PBXResourcesBuildPhase;
			buildActionMask = 2147483647;
			files = (
				C020C8CE1E117DE00016F922 /* LaunchScreen.storyboard in Resources */,
				C020C8CB1E117DE00016F922 /* Assets.xcassets in Resources */,
				C020C8C91E117DE00016F922 /* Main.storyboard in Resources */,
			);
			runOnlyForDeploymentPostprocessing = 0;
		};
		C020C8D21E117DE00016F922 /* Resources */ = {
			isa = PBXResourcesBuildPhase;
			buildActionMask = 2147483647;
			files = (
			);
			runOnlyForDeploymentPostprocessing = 0;
		};
		C020C8DD1E117DE00016F922 /* Resources */ = {
			isa = PBXResourcesBuildPhase;
			buildActionMask = 2147483647;
			files = (
			);
			runOnlyForDeploymentPostprocessing = 0;
		};
/* End PBXResourcesBuildPhase section */

/* Begin PBXSourcesBuildPhase section */
		C020C8BC1E117DDF0016F922 /* Sources */ = {
			isa = PBXSourcesBuildPhase;
			buildActionMask = 2147483647;
			files = (
				C020C8C61E117DE00016F922 /* ViewController.swift in Sources */,
				C020C8C41E117DE00016F922 /* AppDelegate.swift in Sources */,
				C020C90F1E11BEED0016F922 /* Photo+CoreDataClass.swift in Sources */,
				C020C9121E11BEED0016F922 /* Pin+CoreDataProperties.swift in Sources */,
				C020C9111E11BEED0016F922 /* Pin+CoreDataClass.swift in Sources */,
				C020C9101E11BEED0016F922 /* Photo+CoreDataProperties.swift in Sources */,
				C020C8F31E11BC990016F922 /* VTModel.xcdatamodeld in Sources */,
			);
			runOnlyForDeploymentPostprocessing = 0;
		};
		C020C8D01E117DE00016F922 /* Sources */ = {
			isa = PBXSourcesBuildPhase;
			buildActionMask = 2147483647;
			files = (
				C020C8D91E117DE00016F922 /* VirtualTouristTests.swift in Sources */,
			);
			runOnlyForDeploymentPostprocessing = 0;
		};
		C020C8DB1E117DE00016F922 /* Sources */ = {
			isa = PBXSourcesBuildPhase;
			buildActionMask = 2147483647;
			files = (
				C020C8E41E117DE00016F922 /* VirtualTouristUITests.swift in Sources */,
			);
			runOnlyForDeploymentPostprocessing = 0;
		};
/* End PBXSourcesBuildPhase section */

/* Begin PBXTargetDependency section */
		C020C8D61E117DE00016F922 /* PBXTargetDependency */ = {
			isa = PBXTargetDependency;
			target = C020C8BF1E117DDF0016F922 /* VirtualTourist */;
			targetProxy = C020C8D51E117DE00016F922 /* PBXContainerItemProxy */;
		};
		C020C8E11E117DE00016F922 /* PBXTargetDependency */ = {
			isa = PBXTargetDependency;
			target = C020C8BF1E117DDF0016F922 /* VirtualTourist */;
			targetProxy = C020C8E01E117DE00016F922 /* PBXContainerItemProxy */;
		};
/* End PBXTargetDependency section */

/* Begin PBXVariantGroup section */
		C020C8C71E117DE00016F922 /* Main.storyboard */ = {
			isa = PBXVariantGroup;
			children = (
				C020C8C81E117DE00016F922 /* Base */,
			);
			name = Main.storyboard;
			sourceTree = "<group>";
		};
		C020C8CC1E117DE00016F922 /* LaunchScreen.storyboard */ = {
			isa = PBXVariantGroup;
			children = (
				C020C8CD1E117DE00016F922 /* Base */,
			);
			name = LaunchScreen.storyboard;
			sourceTree = "<group>";
		};
/* End PBXVariantGroup section */

/* Begin XCBuildConfiguration section */
		C020C8E61E117DE00016F922 /* Debug */ = {
			isa = XCBuildConfiguration;
			buildSettings = {
				ALWAYS_SEARCH_USER_PATHS = NO;
				CLANG_ANALYZER_NONNULL = YES;
				CLANG_CXX_LANGUAGE_STANDARD = "gnu++0x";
				CLANG_CXX_LIBRARY = "libc++";
				CLANG_ENABLE_MODULES = YES;
				CLANG_ENABLE_OBJC_ARC = YES;
				CLANG_WARN_BOOL_CONVERSION = YES;
				CLANG_WARN_CONSTANT_CONVERSION = YES;
				CLANG_WARN_DIRECT_OBJC_ISA_USAGE = YES_ERROR;
				CLANG_WARN_DOCUMENTATION_COMMENTS = YES;
				CLANG_WARN_EMPTY_BODY = YES;
				CLANG_WARN_ENUM_CONVERSION = YES;
				CLANG_WARN_INFINITE_RECURSION = YES;
				CLANG_WARN_INT_CONVERSION = YES;
				CLANG_WARN_OBJC_ROOT_CLASS = YES_ERROR;
				CLANG_WARN_SUSPICIOUS_MOVES = YES;
				CLANG_WARN_UNREACHABLE_CODE = YES;
				CLANG_WARN__DUPLICATE_METHOD_MATCH = YES;
				"CODE_SIGN_IDENTITY[sdk=iphoneos*]" = "iPhone Developer";
				COPY_PHASE_STRIP = NO;
				DEBUG_INFORMATION_FORMAT = dwarf;
				ENABLE_STRICT_OBJC_MSGSEND = YES;
				ENABLE_TESTABILITY = YES;
				GCC_C_LANGUAGE_STANDARD = gnu99;
				GCC_DYNAMIC_NO_PIC = NO;
				GCC_NO_COMMON_BLOCKS = YES;
				GCC_OPTIMIZATION_LEVEL = 0;
				GCC_PREPROCESSOR_DEFINITIONS = (
					"DEBUG=1",
					"$(inherited)",
				);
				GCC_WARN_64_TO_32_BIT_CONVERSION = YES;
				GCC_WARN_ABOUT_RETURN_TYPE = YES_ERROR;
				GCC_WARN_UNDECLARED_SELECTOR = YES;
				GCC_WARN_UNINITIALIZED_AUTOS = YES_AGGRESSIVE;
				GCC_WARN_UNUSED_FUNCTION = YES;
				GCC_WARN_UNUSED_VARIABLE = YES;
				IPHONEOS_DEPLOYMENT_TARGET = 10.1;
				MTL_ENABLE_DEBUG_INFO = YES;
				ONLY_ACTIVE_ARCH = YES;
				SDKROOT = iphoneos;
				SWIFT_ACTIVE_COMPILATION_CONDITIONS = DEBUG;
				SWIFT_OPTIMIZATION_LEVEL = "-Onone";
			};
			name = Debug;
		};
		C020C8E71E117DE00016F922 /* Release */ = {
			isa = XCBuildConfiguration;
			buildSettings = {
				ALWAYS_SEARCH_USER_PATHS = NO;
				CLANG_ANALYZER_NONNULL = YES;
				CLANG_CXX_LANGUAGE_STANDARD = "gnu++0x";
				CLANG_CXX_LIBRARY = "libc++";
				CLANG_ENABLE_MODULES = YES;
				CLANG_ENABLE_OBJC_ARC = YES;
				CLANG_WARN_BOOL_CONVERSION = YES;
				CLANG_WARN_CONSTANT_CONVERSION = YES;
				CLANG_WARN_DIRECT_OBJC_ISA_USAGE = YES_ERROR;
				CLANG_WARN_DOCUMENTATION_COMMENTS = YES;
				CLANG_WARN_EMPTY_BODY = YES;
				CLANG_WARN_ENUM_CONVERSION = YES;
				CLANG_WARN_INFINITE_RECURSION = YES;
				CLANG_WARN_INT_CONVERSION = YES;
				CLANG_WARN_OBJC_ROOT_CLASS = YES_ERROR;
				CLANG_WARN_SUSPICIOUS_MOVES = YES;
				CLANG_WARN_UNREACHABLE_CODE = YES;
				CLANG_WARN__DUPLICATE_METHOD_MATCH = YES;
				"CODE_SIGN_IDENTITY[sdk=iphoneos*]" = "iPhone Developer";
				COPY_PHASE_STRIP = NO;
				DEBUG_INFORMATION_FORMAT = "dwarf-with-dsym";
				ENABLE_NS_ASSERTIONS = NO;
				ENABLE_STRICT_OBJC_MSGSEND = YES;
				GCC_C_LANGUAGE_STANDARD = gnu99;
				GCC_NO_COMMON_BLOCKS = YES;
				GCC_WARN_64_TO_32_BIT_CONVERSION = YES;
				GCC_WARN_ABOUT_RETURN_TYPE = YES_ERROR;
				GCC_WARN_UNDECLARED_SELECTOR = YES;
				GCC_WARN_UNINITIALIZED_AUTOS = YES_AGGRESSIVE;
				GCC_WARN_UNUSED_FUNCTION = YES;
				GCC_WARN_UNUSED_VARIABLE = YES;
				IPHONEOS_DEPLOYMENT_TARGET = 10.1;
				MTL_ENABLE_DEBUG_INFO = NO;
				SDKROOT = iphoneos;
				SWIFT_OPTIMIZATION_LEVEL = "-Owholemodule";
				VALIDATE_PRODUCT = YES;
			};
			name = Release;
		};
		C020C8E91E117DE00016F922 /* Debug */ = {
			isa = XCBuildConfiguration;
			buildSettings = {
				ASSETCATALOG_COMPILER_APPICON_NAME = AppIcon;
				CLANG_ENABLE_MODULES = YES;
				INFOPLIST_FILE = VirtualTourist/Info.plist;
				LD_RUNPATH_SEARCH_PATHS = "$(inherited) @executable_path/Frameworks";
				PRODUCT_BUNDLE_IDENTIFIER = com.agrawal.VirtualTourist;
				PRODUCT_NAME = "$(TARGET_NAME)";
				SWIFT_OBJC_BRIDGING_HEADER = "VirtualTourist-Bridging-Header.h";
				SWIFT_OPTIMIZATION_LEVEL = "-Onone";
				SWIFT_VERSION = 3.0;
				TARGETED_DEVICE_FAMILY = "1,2";
			};
			name = Debug;
		};
		C020C8EA1E117DE00016F922 /* Release */ = {
			isa = XCBuildConfiguration;
			buildSettings = {
				ASSETCATALOG_COMPILER_APPICON_NAME = AppIcon;
				CLANG_ENABLE_MODULES = YES;
				INFOPLIST_FILE = VirtualTourist/Info.plist;
				LD_RUNPATH_SEARCH_PATHS = "$(inherited) @executable_path/Frameworks";
				PRODUCT_BUNDLE_IDENTIFIER = com.agrawal.VirtualTourist;
				PRODUCT_NAME = "$(TARGET_NAME)";
				SWIFT_OBJC_BRIDGING_HEADER = "VirtualTourist-Bridging-Header.h";
				SWIFT_VERSION = 3.0;
				TARGETED_DEVICE_FAMILY = "1,2";
			};
			name = Release;
		};
		C020C8EC1E117DE00016F922 /* Debug */ = {
			isa = XCBuildConfiguration;
			buildSettings = {
				ALWAYS_EMBED_SWIFT_STANDARD_LIBRARIES = YES;
				BUNDLE_LOADER = "$(TEST_HOST)";
				INFOPLIST_FILE = VirtualTouristTests/Info.plist;
				LD_RUNPATH_SEARCH_PATHS = "$(inherited) @executable_path/Frameworks @loader_path/Frameworks";
				PRODUCT_BUNDLE_IDENTIFIER = com.agrawal.VirtualTouristTests;
				PRODUCT_NAME = "$(TARGET_NAME)";
				SWIFT_VERSION = 3.0;
				TEST_HOST = "$(BUILT_PRODUCTS_DIR)/VirtualTourist.app/VirtualTourist";
			};
			name = Debug;
		};
		C020C8ED1E117DE00016F922 /* Release */ = {
			isa = XCBuildConfiguration;
			buildSettings = {
				ALWAYS_EMBED_SWIFT_STANDARD_LIBRARIES = YES;
				BUNDLE_LOADER = "$(TEST_HOST)";
				INFOPLIST_FILE = VirtualTouristTests/Info.plist;
				LD_RUNPATH_SEARCH_PATHS = "$(inherited) @executable_path/Frameworks @loader_path/Frameworks";
				PRODUCT_BUNDLE_IDENTIFIER = com.agrawal.VirtualTouristTests;
				PRODUCT_NAME = "$(TARGET_NAME)";
				SWIFT_VERSION = 3.0;
				TEST_HOST = "$(BUILT_PRODUCTS_DIR)/VirtualTourist.app/VirtualTourist";
			};
			name = Release;
		};
		C020C8EF1E117DE00016F922 /* Debug */ = {
			isa = XCBuildConfiguration;
			buildSettings = {
				ALWAYS_EMBED_SWIFT_STANDARD_LIBRARIES = YES;
				INFOPLIST_FILE = VirtualTouristUITests/Info.plist;
				LD_RUNPATH_SEARCH_PATHS = "$(inherited) @executable_path/Frameworks @loader_path/Frameworks";
				PRODUCT_BUNDLE_IDENTIFIER = com.agrawal.VirtualTouristUITests;
				PRODUCT_NAME = "$(TARGET_NAME)";
				SWIFT_VERSION = 3.0;
				TEST_TARGET_NAME = VirtualTourist;
			};
			name = Debug;
		};
		C020C8F01E117DE00016F922 /* Release */ = {
			isa = XCBuildConfiguration;
			buildSettings = {
				ALWAYS_EMBED_SWIFT_STANDARD_LIBRARIES = YES;
				INFOPLIST_FILE = VirtualTouristUITests/Info.plist;
				LD_RUNPATH_SEARCH_PATHS = "$(inherited) @executable_path/Frameworks @loader_path/Frameworks";
				PRODUCT_BUNDLE_IDENTIFIER = com.agrawal.VirtualTouristUITests;
				PRODUCT_NAME = "$(TARGET_NAME)";
				SWIFT_VERSION = 3.0;
				TEST_TARGET_NAME = VirtualTourist;
			};
			name = Release;
		};
/* End XCBuildConfiguration section */

/* Begin XCConfigurationList section */
		C020C8BB1E117DDF0016F922 /* Build configuration list for PBXProject "VirtualTourist" */ = {
			isa = XCConfigurationList;
			buildConfigurations = (
				C020C8E61E117DE00016F922 /* Debug */,
				C020C8E71E117DE00016F922 /* Release */,
			);
			defaultConfigurationIsVisible = 0;
			defaultConfigurationName = Release;
		};
		C020C8E81E117DE00016F922 /* Build configuration list for PBXNativeTarget "VirtualTourist" */ = {
			isa = XCConfigurationList;
			buildConfigurations = (
				C020C8E91E117DE00016F922 /* Debug */,
				C020C8EA1E117DE00016F922 /* Release */,
			);
			defaultConfigurationIsVisible = 0;
		};
		C020C8EB1E117DE00016F922 /* Build configuration list for PBXNativeTarget "VirtualTouristTests" */ = {
			isa = XCConfigurationList;
			buildConfigurations = (
				C020C8EC1E117DE00016F922 /* Debug */,
				C020C8ED1E117DE00016F922 /* Release */,
			);
			defaultConfigurationIsVisible = 0;
		};
		C020C8EE1E117DE00016F922 /* Build configuration list for PBXNativeTarget "VirtualTouristUITests" */ = {
			isa = XCConfigurationList;
			buildConfigurations = (
				C020C8EF1E117DE00016F922 /* Debug */,
				C020C8F01E117DE00016F922 /* Release */,
			);
			defaultConfigurationIsVisible = 0;
		};
/* End XCConfigurationList section */

/* Begin XCVersionGroup section */
		C020C8F11E11BC990016F922 /* VTModel.xcdatamodeld */ = {
			isa = XCVersionGroup;
			children = (
				C020C8F21E11BC990016F922 /* VTModel.xcdatamodel */,
			);
			currentVersion = C020C8F21E11BC990016F922 /* VTModel.xcdatamodel */;
			path = VTModel.xcdatamodeld;
			sourceTree = "<group>";
			versionGroupType = wrapper.xcdatamodel;
		};
/* End XCVersionGroup section */
	};
	rootObject = C020C8B81E117DDF0016F922 /* Project object */;
}
